// !$*UTF8*$!
{
	archiveVersion = 1;
	classes = {
	};
	objectVersion = 56;
	objects = {

/* Begin PBXBuildFile section */
		500800F82B6AFD2000F86280 /* RemoteImage.swift in Sources */ = {isa = PBXBuildFile; fileRef = 500800F72B6AFD2000F86280 /* RemoteImage.swift */; };
		501D5B682B69977D00BC7BD7 /* AppetizersApp.swift in Sources */ = {isa = PBXBuildFile; fileRef = 501D5B672B69977D00BC7BD7 /* AppetizersApp.swift */; };
		501D5B6A2B69977D00BC7BD7 /* AppetizerTabView.swift in Sources */ = {isa = PBXBuildFile; fileRef = 501D5B692B69977D00BC7BD7 /* AppetizerTabView.swift */; };
		501D5B6E2B69977E00BC7BD7 /* Assets.xcassets in Resources */ = {isa = PBXBuildFile; fileRef = 501D5B6D2B69977E00BC7BD7 /* Assets.xcassets */; };
		501D5B712B69977E00BC7BD7 /* Preview Assets.xcassets in Resources */ = {isa = PBXBuildFile; fileRef = 501D5B702B69977E00BC7BD7 /* Preview Assets.xcassets */; };
		501D5B782B69984A00BC7BD7 /* AppetizerListView.swift in Sources */ = {isa = PBXBuildFile; fileRef = 501D5B772B69984A00BC7BD7 /* AppetizerListView.swift */; };
		501D5B7A2B69985400BC7BD7 /* AccountView.swift in Sources */ = {isa = PBXBuildFile; fileRef = 501D5B792B69985400BC7BD7 /* AccountView.swift */; };
		501D5B7C2B69985D00BC7BD7 /* OrderView.swift in Sources */ = {isa = PBXBuildFile; fileRef = 501D5B7B2B69985D00BC7BD7 /* OrderView.swift */; };
		501D5B7E2B699EA500BC7BD7 /* Appetizer.swift in Sources */ = {isa = PBXBuildFile; fileRef = 501D5B7D2B699EA500BC7BD7 /* Appetizer.swift */; };
		501D5B802B69A4F500BC7BD7 /* AppetizerListCell.swift in Sources */ = {isa = PBXBuildFile; fileRef = 501D5B7F2B69A4F500BC7BD7 /* AppetizerListCell.swift */; };
		501D5B822B69A9DD00BC7BD7 /* NetworkManager.swift in Sources */ = {isa = PBXBuildFile; fileRef = 501D5B812B69A9DD00BC7BD7 /* NetworkManager.swift */; };
		501D5B842B69AAEA00BC7BD7 /* APError.swift in Sources */ = {isa = PBXBuildFile; fileRef = 501D5B832B69AAEA00BC7BD7 /* APError.swift */; };
		501D5B862B6A07B400BC7BD7 /* AppetizerListViewModel.swift in Sources */ = {isa = PBXBuildFile; fileRef = 501D5B852B6A07B400BC7BD7 /* AppetizerListViewModel.swift */; };
		50992EE92B6AC7EC00207FFA /* Alert.swift in Sources */ = {isa = PBXBuildFile; fileRef = 50992EE82B6AC7EC00207FFA /* Alert.swift */; };
		50992EEC2B6ACB9800207FFA /* LoadingView.swift in Sources */ = {isa = PBXBuildFile; fileRef = 50992EEB2B6ACB9800207FFA /* LoadingView.swift */; };
		50992EEE2B6ACC5A00207FFA /* Color+Ext.swift in Sources */ = {isa = PBXBuildFile; fileRef = 50992EED2B6ACC5A00207FFA /* Color+Ext.swift */; };
/* End PBXBuildFile section */

/* Begin PBXFileReference section */
		500800F72B6AFD2000F86280 /* RemoteImage.swift */ = {isa = PBXFileReference; lastKnownFileType = sourcecode.swift; path = RemoteImage.swift; sourceTree = "<group>"; };
		501D5B642B69977D00BC7BD7 /* Appetizers.app */ = {isa = PBXFileReference; explicitFileType = wrapper.application; includeInIndex = 0; path = Appetizers.app; sourceTree = BUILT_PRODUCTS_DIR; };
		501D5B672B69977D00BC7BD7 /* AppetizersApp.swift */ = {isa = PBXFileReference; lastKnownFileType = sourcecode.swift; path = AppetizersApp.swift; sourceTree = "<group>"; };
		501D5B692B69977D00BC7BD7 /* AppetizerTabView.swift */ = {isa = PBXFileReference; lastKnownFileType = sourcecode.swift; path = AppetizerTabView.swift; sourceTree = "<group>"; };
		501D5B6D2B69977E00BC7BD7 /* Assets.xcassets */ = {isa = PBXFileReference; lastKnownFileType = folder.assetcatalog; path = Assets.xcassets; sourceTree = "<group>"; };
		501D5B702B69977E00BC7BD7 /* Preview Assets.xcassets */ = {isa = PBXFileReference; lastKnownFileType = folder.assetcatalog; path = "Preview Assets.xcassets"; sourceTree = "<group>"; };
		501D5B772B69984A00BC7BD7 /* AppetizerListView.swift */ = {isa = PBXFileReference; lastKnownFileType = sourcecode.swift; path = AppetizerListView.swift; sourceTree = "<group>"; };
		501D5B792B69985400BC7BD7 /* AccountView.swift */ = {isa = PBXFileReference; lastKnownFileType = sourcecode.swift; path = AccountView.swift; sourceTree = "<group>"; };
		501D5B7B2B69985D00BC7BD7 /* OrderView.swift */ = {isa = PBXFileReference; lastKnownFileType = sourcecode.swift; path = OrderView.swift; sourceTree = "<group>"; };
		501D5B7D2B699EA500BC7BD7 /* Appetizer.swift */ = {isa = PBXFileReference; lastKnownFileType = sourcecode.swift; path = Appetizer.swift; sourceTree = "<group>"; };
		501D5B7F2B69A4F500BC7BD7 /* AppetizerListCell.swift */ = {isa = PBXFileReference; lastKnownFileType = sourcecode.swift; path = AppetizerListCell.swift; sourceTree = "<group>"; };
		501D5B812B69A9DD00BC7BD7 /* NetworkManager.swift */ = {isa = PBXFileReference; lastKnownFileType = sourcecode.swift; path = NetworkManager.swift; sourceTree = "<group>"; };
		501D5B832B69AAEA00BC7BD7 /* APError.swift */ = {isa = PBXFileReference; lastKnownFileType = sourcecode.swift; path = APError.swift; sourceTree = "<group>"; };
		501D5B852B6A07B400BC7BD7 /* AppetizerListViewModel.swift */ = {isa = PBXFileReference; lastKnownFileType = sourcecode.swift; path = AppetizerListViewModel.swift; sourceTree = "<group>"; };
		50992EE82B6AC7EC00207FFA /* Alert.swift */ = {isa = PBXFileReference; lastKnownFileType = sourcecode.swift; path = Alert.swift; sourceTree = "<group>"; };
		50992EEB2B6ACB9800207FFA /* LoadingView.swift */ = {isa = PBXFileReference; lastKnownFileType = sourcecode.swift; path = LoadingView.swift; sourceTree = "<group>"; };
		50992EED2B6ACC5A00207FFA /* Color+Ext.swift */ = {isa = PBXFileReference; lastKnownFileType = sourcecode.swift; path = "Color+Ext.swift"; sourceTree = "<group>"; };
/* End PBXFileReference section */

/* Begin PBXFrameworksBuildPhase section */
		501D5B612B69977D00BC7BD7 /* Frameworks */ = {
			isa = PBXFrameworksBuildPhase;
			buildActionMask = 2147483647;
			files = (
			);
			runOnlyForDeploymentPostprocessing = 0;
		};
/* End PBXFrameworksBuildPhase section */

/* Begin PBXGroup section */
		500800F92B6B005B00F86280 /* Screens */ = {
			isa = PBXGroup;
			children = (
				501D5B692B69977D00BC7BD7 /* AppetizerTabView.swift */,
				500800FC2B6B008200F86280 /* AppetizerListView */,
				500800FB2B6B006E00F86280 /* AccountView */,
				500800FA2B6B006200F86280 /* OrderView */,
			);
			path = Screens;
			sourceTree = "<group>";
		};
		500800FA2B6B006200F86280 /* OrderView */ = {
			isa = PBXGroup;
			children = (
				501D5B7B2B69985D00BC7BD7 /* OrderView.swift */,
			);
			path = OrderView;
			sourceTree = "<group>";
		};
		500800FB2B6B006E00F86280 /* AccountView */ = {
			isa = PBXGroup;
			children = (
				501D5B792B69985400BC7BD7 /* AccountView.swift */,
			);
			path = AccountView;
			sourceTree = "<group>";
		};
		500800FC2B6B008200F86280 /* AppetizerListView */ = {
			isa = PBXGroup;
			children = (
				501D5B772B69984A00BC7BD7 /* AppetizerListView.swift */,
				501D5B852B6A07B400BC7BD7 /* AppetizerListViewModel.swift */,
			);
			path = AppetizerListView;
			sourceTree = "<group>";
		};
		500800FD2B6B00C000F86280 /* Extensions */ = {
			isa = PBXGroup;
			children = (
				50992EED2B6ACC5A00207FFA /* Color+Ext.swift */,
			);
			path = Extensions;
			sourceTree = "<group>";
		};
		500800FE2B6B00CA00F86280 /* Managers */ = {
			isa = PBXGroup;
			children = (
				501D5B812B69A9DD00BC7BD7 /* NetworkManager.swift */,
			);
			path = Managers;
			sourceTree = "<group>";
		};
		500800FF2B6B00E000F86280 /* Alerts */ = {
			isa = PBXGroup;
			children = (
				50992EE82B6AC7EC00207FFA /* Alert.swift */,
				501D5B832B69AAEA00BC7BD7 /* APError.swift */,
			);
			path = Alerts;
			sourceTree = "<group>";
		};
		500801002B6B00FB00F86280 /* Model */ = {
			isa = PBXGroup;
			children = (
				501D5B7D2B699EA500BC7BD7 /* Appetizer.swift */,
			);
			path = Model;
			sourceTree = "<group>";
		};
		500801012B6B011800F86280 /* Views */ = {
			isa = PBXGroup;
			children = (
				500801042B6B013B00F86280 /* Image */,
				500801032B6B013300F86280 /* Cells */,
				500801022B6B012800F86280 /* UIKit Components */,
			);
			path = Views;
			sourceTree = "<group>";
		};
		500801022B6B012800F86280 /* UIKit Components */ = {
			isa = PBXGroup;
			children = (
				50992EEB2B6ACB9800207FFA /* LoadingView.swift */,
			);
			path = "UIKit Components";
			sourceTree = "<group>";
		};
		500801032B6B013300F86280 /* Cells */ = {
			isa = PBXGroup;
			children = (
				501D5B7F2B69A4F500BC7BD7 /* AppetizerListCell.swift */,
				500800F72B6AFD2000F86280 /* RemoteImage.swift */,
			);
			path = Cells;
			sourceTree = "<group>";
		};
		500801042B6B013B00F86280 /* Image */ = {
			isa = PBXGroup;
			children = (
			);
			path = Image;
			sourceTree = "<group>";
		};
		501D5B5B2B69977D00BC7BD7 = {
			isa = PBXGroup;
			children = (
				501D5B662B69977D00BC7BD7 /* Appetizers */,
				501D5B652B69977D00BC7BD7 /* Products */,
			);
			sourceTree = "<group>";
		};
		501D5B652B69977D00BC7BD7 /* Products */ = {
			isa = PBXGroup;
			children = (
				501D5B642B69977D00BC7BD7 /* Appetizers.app */,
			);
			name = Products;
			sourceTree = "<group>";
		};
		501D5B662B69977D00BC7BD7 /* Appetizers */ = {
			isa = PBXGroup;
			children = (
				500801002B6B00FB00F86280 /* Model */,
				50992EEA2B6AC81400207FFA /* Utilities */,
				500801012B6B011800F86280 /* Views */,
				500800F92B6B005B00F86280 /* Screens */,
				501D5B672B69977D00BC7BD7 /* AppetizersApp.swift */,
				501D5B6D2B69977E00BC7BD7 /* Assets.xcassets */,
				501D5B6F2B69977E00BC7BD7 /* Preview Content */,
			);
			path = Appetizers;
			sourceTree = "<group>";
		};
		501D5B6F2B69977E00BC7BD7 /* Preview Content */ = {
			isa = PBXGroup;
			children = (
				501D5B702B69977E00BC7BD7 /* Preview Assets.xcassets */,
			);
			path = "Preview Content";
			sourceTree = "<group>";
		};
		50992EEA2B6AC81400207FFA /* Utilities */ = {
			isa = PBXGroup;
			children = (
				500800FF2B6B00E000F86280 /* Alerts */,
				500800FE2B6B00CA00F86280 /* Managers */,
				500800FD2B6B00C000F86280 /* Extensions */,
			);
			path = Utilities;
			sourceTree = "<group>";
		};
/* End PBXGroup section */

/* Begin PBXNativeTarget section */
		501D5B632B69977D00BC7BD7 /* Appetizers */ = {
			isa = PBXNativeTarget;
			buildConfigurationList = 501D5B742B69977E00BC7BD7 /* Build configuration list for PBXNativeTarget "Appetizers" */;
			buildPhases = (
				501D5B602B69977D00BC7BD7 /* Sources */,
				501D5B612B69977D00BC7BD7 /* Frameworks */,
				501D5B622B69977D00BC7BD7 /* Resources */,
			);
			buildRules = (
			);
			dependencies = (
			);
			name = Appetizers;
			productName = Appetizers;
			productReference = 501D5B642B69977D00BC7BD7 /* Appetizers.app */;
			productType = "com.apple.product-type.application";
		};
/* End PBXNativeTarget section */

/* Begin PBXProject section */
		501D5B5C2B69977D00BC7BD7 /* Project object */ = {
			isa = PBXProject;
			attributes = {
				BuildIndependentTargetsInParallel = 1;
				LastSwiftUpdateCheck = 1520;
				LastUpgradeCheck = 1520;
				TargetAttributes = {
					501D5B632B69977D00BC7BD7 = {
						CreatedOnToolsVersion = 15.2;
					};
				};
			};
			buildConfigurationList = 501D5B5F2B69977D00BC7BD7 /* Build configuration list for PBXProject "Appetizers" */;
			compatibilityVersion = "Xcode 14.0";
			developmentRegion = en;
			hasScannedForEncodings = 0;
			knownRegions = (
				en,
				Base,
			);
			mainGroup = 501D5B5B2B69977D00BC7BD7;
			productRefGroup = 501D5B652B69977D00BC7BD7 /* Products */;
			projectDirPath = "";
			projectRoot = "";
			targets = (
				501D5B632B69977D00BC7BD7 /* Appetizers */,
			);
		};
/* End PBXProject section */

/* Begin PBXResourcesBuildPhase section */
		501D5B622B69977D00BC7BD7 /* Resources */ = {
			isa = PBXResourcesBuildPhase;
			buildActionMask = 2147483647;
			files = (
				501D5B712B69977E00BC7BD7 /* Preview Assets.xcassets in Resources */,
				501D5B6E2B69977E00BC7BD7 /* Assets.xcassets in Resources */,
			);
			runOnlyForDeploymentPostprocessing = 0;
		};
/* End PBXResourcesBuildPhase section */

/* Begin PBXSourcesBuildPhase section */
		501D5B602B69977D00BC7BD7 /* Sources */ = {
			isa = PBXSourcesBuildPhase;
			buildActionMask = 2147483647;
			files = (
				501D5B7E2B699EA500BC7BD7 /* Appetizer.swift in Sources */,
				501D5B842B69AAEA00BC7BD7 /* APError.swift in Sources */,
				501D5B802B69A4F500BC7BD7 /* AppetizerListCell.swift in Sources */,
				501D5B862B6A07B400BC7BD7 /* AppetizerListViewModel.swift in Sources */,
				50992EEE2B6ACC5A00207FFA /* Color+Ext.swift in Sources */,
				501D5B7A2B69985400BC7BD7 /* AccountView.swift in Sources */,
				50992EEC2B6ACB9800207FFA /* LoadingView.swift in Sources */,
				501D5B6A2B69977D00BC7BD7 /* AppetizerTabView.swift in Sources */,
				501D5B822B69A9DD00BC7BD7 /* NetworkManager.swift in Sources */,
				500800F82B6AFD2000F86280 /* RemoteImage.swift in Sources */,
				501D5B682B69977D00BC7BD7 /* AppetizersApp.swift in Sources */,
				50992EE92B6AC7EC00207FFA /* Alert.swift in Sources */,
				501D5B782B69984A00BC7BD7 /* AppetizerListView.swift in Sources */,
				501D5B7C2B69985D00BC7BD7 /* OrderView.swift in Sources */,
			);
			runOnlyForDeploymentPostprocessing = 0;
		};
/* End PBXSourcesBuildPhase section */

/* Begin XCBuildConfiguration section */
		501D5B722B69977E00BC7BD7 /* Debug */ = {
			isa = XCBuildConfiguration;
			buildSettings = {
				ALWAYS_SEARCH_USER_PATHS = NO;
				ASSETCATALOG_COMPILER_GENERATE_SWIFT_ASSET_SYMBOL_EXTENSIONS = YES;
				CLANG_ANALYZER_NONNULL = YES;
				CLANG_ANALYZER_NUMBER_OBJECT_CONVERSION = YES_AGGRESSIVE;
				CLANG_CXX_LANGUAGE_STANDARD = "gnu++20";
				CLANG_ENABLE_MODULES = YES;
				CLANG_ENABLE_OBJC_ARC = YES;
				CLANG_ENABLE_OBJC_WEAK = YES;
				CLANG_WARN_BLOCK_CAPTURE_AUTORELEASING = YES;
				CLANG_WARN_BOOL_CONVERSION = YES;
				CLANG_WARN_COMMA = YES;
				CLANG_WARN_CONSTANT_CONVERSION = YES;
				CLANG_WARN_DEPRECATED_OBJC_IMPLEMENTATIONS = YES;
				CLANG_WARN_DIRECT_OBJC_ISA_USAGE = YES_ERROR;
				CLANG_WARN_DOCUMENTATION_COMMENTS = YES;
				CLANG_WARN_EMPTY_BODY = YES;
				CLANG_WARN_ENUM_CONVERSION = YES;
				CLANG_WARN_INFINITE_RECURSION = YES;
				CLANG_WARN_INT_CONVERSION = YES;
				CLANG_WARN_NON_LITERAL_NULL_CONVERSION = YES;
				CLANG_WARN_OBJC_IMPLICIT_RETAIN_SELF = YES;
				CLANG_WARN_OBJC_LITERAL_CONVERSION = YES;
				CLANG_WARN_OBJC_ROOT_CLASS = YES_ERROR;
				CLANG_WARN_QUOTED_INCLUDE_IN_FRAMEWORK_HEADER = YES;
				CLANG_WARN_RANGE_LOOP_ANALYSIS = YES;
				CLANG_WARN_STRICT_PROTOTYPES = YES;
				CLANG_WARN_SUSPICIOUS_MOVE = YES;
				CLANG_WARN_UNGUARDED_AVAILABILITY = YES_AGGRESSIVE;
				CLANG_WARN_UNREACHABLE_CODE = YES;
				CLANG_WARN__DUPLICATE_METHOD_MATCH = YES;
				COPY_PHASE_STRIP = NO;
				DEBUG_INFORMATION_FORMAT = dwarf;
				ENABLE_STRICT_OBJC_MSGSEND = YES;
				ENABLE_TESTABILITY = YES;
				ENABLE_USER_SCRIPT_SANDBOXING = YES;
				GCC_C_LANGUAGE_STANDARD = gnu17;
				GCC_DYNAMIC_NO_PIC = NO;
				GCC_NO_COMMON_BLOCKS = YES;
				GCC_OPTIMIZATION_LEVEL = 0;
				GCC_PREPROCESSOR_DEFINITIONS = (
					"DEBUG=1",
					"$(inherited)",
				);
				GCC_WARN_64_TO_32_BIT_CONVERSION = YES;
				GCC_WARN_ABOUT_RETURN_TYPE = YES_ERROR;
				GCC_WARN_UNDECLARED_SELECTOR = YES;
				GCC_WARN_UNINITIALIZED_AUTOS = YES_AGGRESSIVE;
				GCC_WARN_UNUSED_FUNCTION = YES;
				GCC_WARN_UNUSED_VARIABLE = YES;
				IPHONEOS_DEPLOYMENT_TARGET = 17.2;
				LOCALIZATION_PREFERS_STRING_CATALOGS = YES;
				MTL_ENABLE_DEBUG_INFO = INCLUDE_SOURCE;
				MTL_FAST_MATH = YES;
				ONLY_ACTIVE_ARCH = YES;
				SDKROOT = iphoneos;
				SWIFT_ACTIVE_COMPILATION_CONDITIONS = "DEBUG $(inherited)";
				SWIFT_OPTIMIZATION_LEVEL = "-Onone";
			};
			name = Debug;
		};
		501D5B732B69977E00BC7BD7 /* Release */ = {
			isa = XCBuildConfiguration;
			buildSettings = {
				ALWAYS_SEARCH_USER_PATHS = NO;
				ASSETCATALOG_COMPILER_GENERATE_SWIFT_ASSET_SYMBOL_EXTENSIONS = YES;
				CLANG_ANALYZER_NONNULL = YES;
				CLANG_ANALYZER_NUMBER_OBJECT_CONVERSION = YES_AGGRESSIVE;
				CLANG_CXX_LANGUAGE_STANDARD = "gnu++20";
				CLANG_ENABLE_MODULES = YES;
				CLANG_ENABLE_OBJC_ARC = YES;
				CLANG_ENABLE_OBJC_WEAK = YES;
				CLANG_WARN_BLOCK_CAPTURE_AUTORELEASING = YES;
				CLANG_WARN_BOOL_CONVERSION = YES;
				CLANG_WARN_COMMA = YES;
				CLANG_WARN_CONSTANT_CONVERSION = YES;
				CLANG_WARN_DEPRECATED_OBJC_IMPLEMENTATIONS = YES;
				CLANG_WARN_DIRECT_OBJC_ISA_USAGE = YES_ERROR;
				CLANG_WARN_DOCUMENTATION_COMMENTS = YES;
				CLANG_WARN_EMPTY_BODY = YES;
				CLANG_WARN_ENUM_CONVERSION = YES;
				CLANG_WARN_INFINITE_RECURSION = YES;
				CLANG_WARN_INT_CONVERSION = YES;
				CLANG_WARN_NON_LITERAL_NULL_CONVERSION = YES;
				CLANG_WARN_OBJC_IMPLICIT_RETAIN_SELF = YES;
				CLANG_WARN_OBJC_LITERAL_CONVERSION = YES;
				CLANG_WARN_OBJC_ROOT_CLASS = YES_ERROR;
				CLANG_WARN_QUOTED_INCLUDE_IN_FRAMEWORK_HEADER = YES;
				CLANG_WARN_RANGE_LOOP_ANALYSIS = YES;
				CLANG_WARN_STRICT_PROTOTYPES = YES;
				CLANG_WARN_SUSPICIOUS_MOVE = YES;
				CLANG_WARN_UNGUARDED_AVAILABILITY = YES_AGGRESSIVE;
				CLANG_WARN_UNREACHABLE_CODE = YES;
				CLANG_WARN__DUPLICATE_METHOD_MATCH = YES;
				COPY_PHASE_STRIP = NO;
				DEBUG_INFORMATION_FORMAT = "dwarf-with-dsym";
				ENABLE_NS_ASSERTIONS = NO;
				ENABLE_STRICT_OBJC_MSGSEND = YES;
				ENABLE_USER_SCRIPT_SANDBOXING = YES;
				GCC_C_LANGUAGE_STANDARD = gnu17;
				GCC_NO_COMMON_BLOCKS = YES;
				GCC_WARN_64_TO_32_BIT_CONVERSION = YES;
				GCC_WARN_ABOUT_RETURN_TYPE = YES_ERROR;
				GCC_WARN_UNDECLARED_SELECTOR = YES;
				GCC_WARN_UNINITIALIZED_AUTOS = YES_AGGRESSIVE;
				GCC_WARN_UNUSED_FUNCTION = YES;
				GCC_WARN_UNUSED_VARIABLE = YES;
				IPHONEOS_DEPLOYMENT_TARGET = 17.2;
				LOCALIZATION_PREFERS_STRING_CATALOGS = YES;
				MTL_ENABLE_DEBUG_INFO = NO;
				MTL_FAST_MATH = YES;
				SDKROOT = iphoneos;
				SWIFT_COMPILATION_MODE = wholemodule;
				VALIDATE_PRODUCT = YES;
			};
			name = Release;
		};
		501D5B752B69977E00BC7BD7 /* Debug */ = {
			isa = XCBuildConfiguration;
			buildSettings = {
				ASSETCATALOG_COMPILER_APPICON_NAME = AppIcon;
				ASSETCATALOG_COMPILER_GLOBAL_ACCENT_COLOR_NAME = AccentColor;
				CODE_SIGN_STYLE = Automatic;
				CURRENT_PROJECT_VERSION = 1;
				DEVELOPMENT_ASSET_PATHS = "\"Appetizers/Preview Content\"";
				DEVELOPMENT_TEAM = 27254NMY56;
				ENABLE_PREVIEWS = YES;
				GENERATE_INFOPLIST_FILE = YES;
				INFOPLIST_KEY_UIApplicationSceneManifest_Generation = YES;
				INFOPLIST_KEY_UIApplicationSupportsIndirectInputEvents = YES;
				INFOPLIST_KEY_UILaunchScreen_Generation = YES;
				INFOPLIST_KEY_UISupportedInterfaceOrientations_iPad = "UIInterfaceOrientationPortrait UIInterfaceOrientationPortraitUpsideDown UIInterfaceOrientationLandscapeLeft UIInterfaceOrientationLandscapeRight";
				INFOPLIST_KEY_UISupportedInterfaceOrientations_iPhone = "UIInterfaceOrientationPortrait UIInterfaceOrientationLandscapeLeft UIInterfaceOrientationLandscapeRight";
				LD_RUNPATH_SEARCH_PATHS = (
					"$(inherited)",
					"@executable_path/Frameworks",
				);
				MARKETING_VERSION = 1.0;
				PRODUCT_BUNDLE_IDENTIFIER = cl.hectoraguero.Appetizers;
				PRODUCT_NAME = "$(TARGET_NAME)";
				SWIFT_EMIT_LOC_STRINGS = YES;
				SWIFT_VERSION = 5.0;
				TARGETED_DEVICE_FAMILY = "1,2";
			};
			name = Debug;
		};
		501D5B762B69977E00BC7BD7 /* Release */ = {
			isa = XCBuildConfiguration;
			buildSettings = {
				ASSETCATALOG_COMPILER_APPICON_NAME = AppIcon;
				ASSETCATALOG_COMPILER_GLOBAL_ACCENT_COLOR_NAME = AccentColor;
				CODE_SIGN_STYLE = Automatic;
				CURRENT_PROJECT_VERSION = 1;
				DEVELOPMENT_ASSET_PATHS = "\"Appetizers/Preview Content\"";
				DEVELOPMENT_TEAM = 27254NMY56;
				ENABLE_PREVIEWS = YES;
				GENERATE_INFOPLIST_FILE = YES;
				INFOPLIST_KEY_UIApplicationSceneManifest_Generation = YES;
				INFOPLIST_KEY_UIApplicationSupportsIndirectInputEvents = YES;
				INFOPLIST_KEY_UILaunchScreen_Generation = YES;
				INFOPLIST_KEY_UISupportedInterfaceOrientations_iPad = "UIInterfaceOrientationPortrait UIInterfaceOrientationPortraitUpsideDown UIInterfaceOrientationLandscapeLeft UIInterfaceOrientationLandscapeRight";
				INFOPLIST_KEY_UISupportedInterfaceOrientations_iPhone = "UIInterfaceOrientationPortrait UIInterfaceOrientationLandscapeLeft UIInterfaceOrientationLandscapeRight";
				LD_RUNPATH_SEARCH_PATHS = (
					"$(inherited)",
					"@executable_path/Frameworks",
				);
				MARKETING_VERSION = 1.0;
				PRODUCT_BUNDLE_IDENTIFIER = cl.hectoraguero.Appetizers;
				PRODUCT_NAME = "$(TARGET_NAME)";
				SWIFT_EMIT_LOC_STRINGS = YES;
				SWIFT_VERSION = 5.0;
				TARGETED_DEVICE_FAMILY = "1,2";
			};
			name = Release;
		};
/* End XCBuildConfiguration section */

/* Begin XCConfigurationList section */
		501D5B5F2B69977D00BC7BD7 /* Build configuration list for PBXProject "Appetizers" */ = {
			isa = XCConfigurationList;
			buildConfigurations = (
				501D5B722B69977E00BC7BD7 /* Debug */,
				501D5B732B69977E00BC7BD7 /* Release */,
			);
			defaultConfigurationIsVisible = 0;
			defaultConfigurationName = Release;
		};
		501D5B742B69977E00BC7BD7 /* Build configuration list for PBXNativeTarget "Appetizers" */ = {
			isa = XCConfigurationList;
			buildConfigurations = (
				501D5B752B69977E00BC7BD7 /* Debug */,
				501D5B762B69977E00BC7BD7 /* Release */,
			);
			defaultConfigurationIsVisible = 0;
			defaultConfigurationName = Release;
		};
/* End XCConfigurationList section */
	};
	rootObject = 501D5B5C2B69977D00BC7BD7 /* Project object */;
}
